
Microsoft Visual Studio Solution File, Format Version 12.00
# Visual Studio Version 16
VisualStudioVersion = 16.0.31321.278
MinimumVisualStudioVersion = 10.0.40219.1
Project("{9A19103F-16F7-4668-BE54-9A1E7A4F7556}") = "SpecflowFirst", "SpecflowFirst.csproj", "{F446C83A-108C-421B-B91C-D072E6CDC349}"
	ProjectSection(ProjectDependencies) = postProject
		{3D6730CD-03C9-49D7-89D3-22B8CACEF224} = {3D6730CD-03C9-49D7-89D3-22B8CACEF224}
	EndProjectSection
EndProject
Project("{FAE04EC0-301F-11D3-BF4B-00C04F79EFBC}") = "SpecflowFramework", "..\SpecflowFramework\SpecflowFramework.csproj", "{3D6730CD-03C9-49D7-89D3-22B8CACEF224}"
EndProject
Global
	GlobalSection(SolutionConfigurationPlatforms) = preSolution
		Debug|Any CPU = Debug|Any CPU
		Release|Any CPU = Release|Any CPU
	EndGlobalSection
	GlobalSection(ProjectConfigurationPlatforms) = postSolution
		{F446C83A-108C-421B-B91C-D072E6CDC349}.Debug|Any CPU.ActiveCfg = Debug|Any CPU
		{F446C83A-108C-421B-B91C-D072E6CDC349}.Debug|Any CPU.Build.0 = Debug|Any CPU
		{F446C83A-108C-421B-B91C-D072E6CDC349}.Release|Any CPU.ActiveCfg = Release|Any CPU
		{F446C83A-108C-421B-B91C-D072E6CDC349}.Release|Any CPU.Build.0 = Release|Any CPU
		{3D6730CD-03C9-49D7-89D3-22B8CACEF224}.Debug|Any CPU.ActiveCfg = Debug|Any CPU
		{3D6730CD-03C9-49D7-89D3-22B8CACEF224}.Debug|Any CPU.Build.0 = Debug|Any CPU
		{3D6730CD-03C9-49D7-89D3-22B8CACEF224}.Release|Any CPU.ActiveCfg = Release|Any CPU
		{3D6730CD-03C9-49D7-89D3-22B8CACEF224}.Release|Any CPU.Build.0 = Release|Any CPU
	EndGlobalSection
	GlobalSection(SolutionProperties) = preSolution
		HideSolutionNode = FALSE
	EndGlobalSection
	GlobalSection(ExtensibilityGlobals) = postSolution
		SolutionGuid = {C32FC55E-5C0F-4162-9704-D4547E1D688A}
	EndGlobalSection
EndGlobal
